buf.build/gen/go/bufbuild/protovalidate/protocolbuffers/go v1.36.12-20260825204119-511051f7f437.2 h1:NbnlmV26O7oZ1iM5tsCI+GEx+3ZSdrhvnKQ/eWSrLiY=
buf.build/gen/go/bufbuild/protovalidate/protocolbuffers/go v1.36.12-20260825204119-511051f7f437.2/go.mod h1:TCt1lluMFnctISJXvkIQ4x3ABrPuUKCWKyjKdkJNBpw=
buf.build/go/protovalidate v1.0.0 h1:IAG1etULddAy93fiBsFVhpj7es5zL53AfB/79CVGtyY=
buf.build/go/protovalidate v1.0.0/go.mod h1:KQmEUrcQuC99hAw+juzOEAmILScQiKBP1Oc36vvCLW8=
buf.build/go/protovalidate v1.4.0 h1:UjLrYbt5VX7+TMOs2+pG5FhZhIG1mSfK4EIopbb4LcM=
buf.build/go/protovalidate v1.4.0/go.mod h1:8vJfzNT6NIG2qm3uFsJDXMlRmG+bQJzbcIn1Aa0vPGs=
cel.dev/cel-go v0.32.0 h1:irvpFKr5EuGPyxeME03ERh0rii1TX+BDAnB9eL3IvNk=
cel.dev/cel-go v0.32.0/go.mod h1:DnVip7tpJSsgZymwfT+m1tnEVy3ivAjSMXPx12YrMkU=
cel.dev/expr v0.24.0 h1:56OvJKSH3hDGL0ml5uSxZmz3/3Pq4tJ+fb1unVLAFcY=
cel.dev/expr v0.24.0/go.mod h1:hLPLo1W4QUmuYdA72RBX06QTs6MXw941piREPl3Yfiw=
cel.dev/expr v0.25.3 h1:A2jO8jwOugrrovveCWfj0KEZOfqiLgAcwjpHPhzIGw0=
cel.dev/expr v0.25.3/go.mod h1:hrXvqGP6G6gyx8UAHSHJ5RGk//1Oj5nXQ2NI02Nrsg4=
connectrpc.com/connect v1.21.0 h1:LhqSJt7jHf5NJBo9Jq/t/9FjcYAideif0mg+qe2jCUs=
connectrpc.com/connect v1.21.0/go.mod h1:A2ygJrukXwWy32vkCAAHNVguZrqZ+jeZ9rGRnGR4dN4=
connectrpc.com/cors v0.1.0 h1:f3gTXJyDZPrDIZCQ567jxfD9PAIpopHiRDnJRt3QuOQ=
connectrpc.com/cors v0.1.0/go.mod h1:v8SJZCPfHtGH1zsm+Ttajpozd4cYIUryl4dFB6QEpfg=
connectrpc.com/validate v0.6.0 h1:DcrgDKt2ZScrUs/d/mh9itD2yeEa0UbBBa+i0mwzx+4=
connectrpc.com/validate v0.6.0/go.mod h1:ihrpI+8gVbLH1fvVWJL1I3j0CfWnF8P/90LsmluRiZs=
connectrpc.com/validate v0.7.0 h1:E4wQiBymFW+GGWMwV4fO4yrvhIdzEVXlgRiZaSer/Hs=
connectrpc.com/validate v0.7.0/go.mod h1:BD3Onoa126tmoI3YG13UGFjBylgkd5LJ5whrAwi/wgg=
github.com/antlr4-go/antlr/v4 v4.13.1 h1:SqQKkuVZ+zWkMMNkjy5FZe5mr5WURWnlpmOuzYWrPrQ=
github.com/antlr4-go/antlr/v4 v4.13.1/go.mod h1:GKmUxMtwp6ZgGwZSva4eWPC5mS6vUAmOABFgjdkM7Nw=
github.com/davecgh/go-spew v1.1.0/go.mod h1:J7Y8YcW2NihsgmVo/mv3lAwl/skON4iLHjSsI+c5H38=
github.com/davecgh/go-spew v1.1.1 h1:vj9j/u1bqnvCEfJOwUhtlOARqs3+rkHYY13jYWTU97c=
github.com/davecgh/go-spew v1.1.1/go.mod h1:J7Y8YcW2NihsgmVo/mv3lAwl/skON4iLHjSsI+c5H38=
github.com/google/cel-go v0.26.1 h1:iPbVVEdkhTX++hpe3lzSk7D3G3QSYqLGoHOcEio+UXQ=
github.com/google/cel-go v0.26.1/go.mod h1:A9O8OU9rdvrK5MQyrqfIxo1a0u4g3sF8KB6PUIaryMM=
github.com/google/go-cmp v0.7.0 h1:wk8382ETsv4JYUZwIsn6YpYiWiBsYLSJiTsyBybVuN8=
github.com/google/go-cmp v0.7.0/go.mod h1:pXiqmnSA92OHEEa9HXL2W4E7lf9JzCmGVUdgjX3N/iU=
github.com/mattn/go-sqlite3 v1.14.52 h1:wVbm2Qnf4OXkqhBTSPuCRZDRnxfbVrrmiCEroVdog8U=
github.com/mattn/go-sqlite3 v1.14.52/go.mod h1:6JTjA44L93a0QCyJef5YvlPoKXntQPjzWv5gtm9sB6w=
github.com/pmezard/go-difflib v1.0.0 h1:4DBwDE0NGyQoBHbLQYPwSUPoCMWR5BEzIk/f1lZbAQM=
github.com/pmezard/go-difflib v1.0.0/go.mod h1:iKH77koFhYxTK1pcRnkKkqfTogsbg7gZNVY4sRDYZ/4=
github.com/rs/cors v1.11.1 h1:eU3gRzXLRK57F5rKMGMZURNdIG4EoAmX8k94r9wXWHA=
github.com/rs/cors v1.11.1/go.mod h1:XyqrcTp5zjWr1wsJ8PIRZssZ8b/WMcMf71DJnit4EMU=
github.com/stoewer/go-strcase v1.3.1 h1:iS0MdW+kVTxgMoE1LAZyMiYJFKlOzLooE4MxjirtkAs=
github.com/stoewer/go-strcase v1.3.1/go.mod h1:fAH5hQ5pehh+j3nZfvwdk2RgEgQjAoM8wodgtPmh1xo=
github.com/stretchr/objx v0.1.0/go.mod h1:HFkY916IF+rwdDfMAkV7OtwuqBVzrE8GR6GFx+wExME=
github.com/stretchr/objx v0.4.0/go.mod h1:YvHI0jy2hoMjB+UWwv71VJQ9isScKT/TqJzVSSt89Yw=
github.com/stretchr/objx v0.5.0/go.mod h1:Yh+to48EsGEfYuaHDzXPcE3xhTkx73EhmCGUpEOglKo=
github.com/stretchr/testify v1.7.1/go.mod h1:6Fq8oRcR53rry900zMqJjRRixrwX3KX962/h/Wwjteg=
github.com/stretchr/testify v1.8.0/go.mod h1:yNjHg4UonilssWZ8iaSj1OCr/vHnekPRkoO+kdMU+MU=
github.com/stretchr/testify v1.8.1/go.mod h1:w2LPCIKwWwSfY2zedu0+kehJoqGctiVI29o6fzry7u4=
github.com/stretchr/testify v1.11.1 h1:7s2iGBzp5EwR7/aIZr8ao5+dra3wiQyKjjFuvgVKu7U=
github.com/stretchr/testify v1.11.1/go.mod h1:wZwfW3scLgRK+23gO65QZefKpKQRnfz6sD981Nm4B6U=
go.yaml.in/yaml/v3 v3.0.5 h1:N6y/pJk8buWs9NY5ERU2HSMfm+IuD/OtfdAnq6kESPw=
go.yaml.in/yaml/v3 v3.0.5/go.mod h1:HVTZu1O7/Vkt2N+BFy8Zza+lnLsABggaTM2ZpNIGuKg=
golang.org/x/exp v0.0.0-20250911091902-df9299821621 h1:2id6c1/gto0kaHYyrixvknJ8tUK/Qs5IsmBtrc+FtgU=
golang.org/x/exp v0.0.0-20250911091902-df9299821621/go.mod h1:TwQYMMnGpvZyc+JpB/UAuTNIsVJifOlSkrZkhcvpVUk=
golang.org/x/exp v0.0.0-20260820142414-ca536658362e h1:01Ju2A/fZKkci4zqx0eZxw//DnRYOnBiGJG14hFBhO8=
golang.org/x/exp v0.0.0-20260820142414-ca536658362e/go.mod h1:zeBbvyFKDaLwa7CH/zI8KXt7gTl14SF7sO08Pl5jBCM=
golang.org/x/text v0.29.0 h1:1neNs90w9YzJ9BocxfsQNHKuAT4pkghyXc4nhZ6sJvk=
golang.org/x/text v0.29.0/go.mod h1:7MhJOA9CD2qZyOKYazxdYMF85OwPdEr9jTtBpO7ydH4=
golang.org/x/text v0.41.0 h1:vz/seA0lnX87Othu2f/0L24RcgrXD9/YFTSuGjj3rH8=
golang.org/x/text v0.41.0/go.mod h1:jvf1O8ajNzZqhSrQBPbutR/EB83Cc0CFrezNQIwbb5M=
google.golang.org/genproto/googleapis/api v0.0.0-20250922171735-9219d122eba9 h1:jm6v6kMRpTYKxBRrDkYAitNJegUeO1Mf3Kt80obv0gg=
google.golang.org/genproto/googleapis/api v0.0.0-20250922171735-9219d122eba9/go.mod h1:LmwNphe5Afor5V3R5BppOULHOnt2mCIf+NxMd4XiygE=
google.golang.org/genproto/googleapis/api v0.0.0-20260819154853-08b0e4226688 h1:ax2KzoSRIZU/M0cIxri3pKxy99vniH1PVxWC6si/eZI=
google.golang.org/genproto/googleapis/api v0.0.0-20260819154853-08b0e4226688/go.mod h1:1RJ9BQGyNdZwkGc1eTqkErfRZ6RJyYPHZo73BZ1vQqI=
google.golang.org/genproto/googleapis/rpc v0.0.0-20250922171735-9219d122eba9 h1:V1jCN2HBa8sySkR5vLcCSqJSTMv093Rw9EJefhQGP7M=
google.golang.org/genproto/googleapis/rpc v0.0.0-20250922171735-9219d122eba9/go.mod h1:HSkG/KdJWusxU1F6CNrwNDjBMgisKxGnc5dAZfT0mjQ=
google.golang.org/genproto/googleapis/rpc v0.0.0-20260819154853-08b0e4226688 h1:cYNAzI2sUwhmCcoj9TxvihSrqsxt6uIkj3rDRhSDmW4=
google.golang.org/genproto/googleapis/rpc v0.0.0-20260819154853-08b0e4226688/go.mod h1:DjtHYE8FKJLivXcBEjGwndXfIC23G0VpXiXKqG179uA=
google.golang.org/protobuf v1.36.12 h1:pJOKDDOyeXErUroCihFAd5LQuwXBSpVnKGrj5o/fwxc=
google.golang.org/protobuf v1.36.12/go.mod h1:HTf+CrKn2C3g5S8VImy6tdcUvCska2kB7j23XfzDpco=
gopkg.in/check.v1 v0.0.0-20161208181325-20d25e280405/go.mod h1:Co6ibVJAznAaIkqp8huTwlJQCZ016jof/cbN4VW5Yz0=
gopkg.in/yaml.v3 v3.0.0-20200313102051-9f266ea9e77c/go.mod h1:K4uyk7z7BCEPqu6E+C64Yfv1cQ7kz7rIZviUmN+EgEM=
gopkg.in/yaml.v3 v3.0.1 h1:fxVm/GzAzEWqLHuvctI91KS9hhNmmWOoWu0XTYJS7CA=
gopkg.in/yaml.v3 v3.0.1/go.mod h1:K4uyk7z7BCEPqu6E+C64Yfv1cQ7kz7rIZviUmN+EgEM=
